// !$*UTF8*$!
{
	archiveVersion = 1;
	classes = {
	};
	objectVersion = 56;
	objects = {

/* Begin PBXBuildFile section */
		ECF1C6BF2AE457C0001FDA1D /* ExchangeRatesApp.swift in Sources */ = {isa = PBXBuildFile; fileRef = ECF1C6BE2AE457C0001FDA1D /* ExchangeRatesApp.swift */; };
		ECF1C6C12AE457C0001FDA1D /* ContentView.swift in Sources */ = {isa = PBXBuildFile; fileRef = ECF1C6C02AE457C0001FDA1D /* ContentView.swift */; };
		ECF1C6C32AE457C3001FDA1D /* Assets.xcassets in Resources */ = {isa = PBXBuildFile; fileRef = ECF1C6C22AE457C3001FDA1D /* Assets.xcassets */; };
		ECF1C6C62AE457C3001FDA1D /* Preview Assets.xcassets in Resources */ = {isa = PBXBuildFile; fileRef = ECF1C6C52AE457C3001FDA1D /* Preview Assets.xcassets */; };
		ECF1C6D02AE459E2001FDA1D /* RatesApi.swift in Sources */ = {isa = PBXBuildFile; fileRef = ECF1C6CF2AE459E2001FDA1D /* RatesApi.swift */; };
		ECF1C6D32AE45B4E001FDA1D /* RatesRouter.swift in Sources */ = {isa = PBXBuildFile; fileRef = ECF1C6D22AE45B4E001FDA1D /* RatesRouter.swift */; };
		ECF1C6D52AE45B63001FDA1D /* CurrencyRouter.swift in Sources */ = {isa = PBXBuildFile; fileRef = ECF1C6D42AE45B63001FDA1D /* CurrencyRouter.swift */; };
		ECF1C6D82AE464A2001FDA1D /* BaseStore.swift in Sources */ = {isa = PBXBuildFile; fileRef = ECF1C6D72AE464A2001FDA1D /* BaseStore.swift */; };
		ECF1C6DB2AE46705001FDA1D /* RatesFluctuationObject.swift in Sources */ = {isa = PBXBuildFile; fileRef = ECF1C6DA2AE46705001FDA1D /* RatesFluctuationObject.swift */; };
		ECF1C6DD2AE468F1001FDA1D /* CurrencySymbolObject.swift in Sources */ = {isa = PBXBuildFile; fileRef = ECF1C6DC2AE468F1001FDA1D /* CurrencySymbolObject.swift */; };
		ECF1C6DF2AE469DE001FDA1D /* RatesHistoricalObject.swift in Sources */ = {isa = PBXBuildFile; fileRef = ECF1C6DE2AE469DE001FDA1D /* RatesHistoricalObject.swift */; };
		ECF1C6E12AE46DC3001FDA1D /* RatesStore.swift in Sources */ = {isa = PBXBuildFile; fileRef = ECF1C6E02AE46DC3001FDA1D /* RatesStore.swift */; };
		ECF1C6E32AE473B2001FDA1D /* CurrencyStore.swift in Sources */ = {isa = PBXBuildFile; fileRef = ECF1C6E22AE473B2001FDA1D /* CurrencyStore.swift */; };
		ECF1C6E52AE4760F001FDA1D /* DataProviderManager.swift in Sources */ = {isa = PBXBuildFile; fileRef = ECF1C6E42AE4760F001FDA1D /* DataProviderManager.swift */; };
		ECF1C6E82AE477C0001FDA1D /* RatesFluctuationDataProvider.swift in Sources */ = {isa = PBXBuildFile; fileRef = ECF1C6E72AE477C0001FDA1D /* RatesFluctuationDataProvider.swift */; };
		ECF1C6EA2AE4806C001FDA1D /* RatesHistoricalDataProvider.swift in Sources */ = {isa = PBXBuildFile; fileRef = ECF1C6E92AE4806C001FDA1D /* RatesHistoricalDataProvider.swift */; };
		ECF1C6ED2AE48180001FDA1D /* CurrencySymbolsDataProvider.swift in Sources */ = {isa = PBXBuildFile; fileRef = ECF1C6EC2AE48180001FDA1D /* CurrencySymbolsDataProvider.swift */; };
/* End PBXBuildFile section */

/* Begin PBXFileReference section */
		ECF1C6BB2AE457C0001FDA1D /* ExchangeRates.app */ = {isa = PBXFileReference; explicitFileType = wrapper.application; includeInIndex = 0; path = ExchangeRates.app; sourceTree = BUILT_PRODUCTS_DIR; };
		ECF1C6BE2AE457C0001FDA1D /* ExchangeRatesApp.swift */ = {isa = PBXFileReference; lastKnownFileType = sourcecode.swift; path = ExchangeRatesApp.swift; sourceTree = "<group>"; };
		ECF1C6C02AE457C0001FDA1D /* ContentView.swift */ = {isa = PBXFileReference; lastKnownFileType = sourcecode.swift; path = ContentView.swift; sourceTree = "<group>"; };
		ECF1C6C22AE457C3001FDA1D /* Assets.xcassets */ = {isa = PBXFileReference; lastKnownFileType = folder.assetcatalog; path = Assets.xcassets; sourceTree = "<group>"; };
		ECF1C6C52AE457C3001FDA1D /* Preview Assets.xcassets */ = {isa = PBXFileReference; lastKnownFileType = folder.assetcatalog; path = "Preview Assets.xcassets"; sourceTree = "<group>"; };
		ECF1C6CF2AE459E2001FDA1D /* RatesApi.swift */ = {isa = PBXFileReference; lastKnownFileType = sourcecode.swift; path = RatesApi.swift; sourceTree = "<group>"; };
		ECF1C6D22AE45B4E001FDA1D /* RatesRouter.swift */ = {isa = PBXFileReference; lastKnownFileType = sourcecode.swift; path = RatesRouter.swift; sourceTree = "<group>"; };
		ECF1C6D42AE45B63001FDA1D /* CurrencyRouter.swift */ = {isa = PBXFileReference; lastKnownFileType = sourcecode.swift; path = CurrencyRouter.swift; sourceTree = "<group>"; };
		ECF1C6D72AE464A2001FDA1D /* BaseStore.swift */ = {isa = PBXFileReference; lastKnownFileType = sourcecode.swift; path = BaseStore.swift; sourceTree = "<group>"; };
		ECF1C6DA2AE46705001FDA1D /* RatesFluctuationObject.swift */ = {isa = PBXFileReference; lastKnownFileType = sourcecode.swift; path = RatesFluctuationObject.swift; sourceTree = "<group>"; };
		ECF1C6DC2AE468F1001FDA1D /* CurrencySymbolObject.swift */ = {isa = PBXFileReference; lastKnownFileType = sourcecode.swift; path = CurrencySymbolObject.swift; sourceTree = "<group>"; };
		ECF1C6DE2AE469DE001FDA1D /* RatesHistoricalObject.swift */ = {isa = PBXFileReference; lastKnownFileType = sourcecode.swift; path = RatesHistoricalObject.swift; sourceTree = "<group>"; };
		ECF1C6E02AE46DC3001FDA1D /* RatesStore.swift */ = {isa = PBXFileReference; lastKnownFileType = sourcecode.swift; path = RatesStore.swift; sourceTree = "<group>"; };
		ECF1C6E22AE473B2001FDA1D /* CurrencyStore.swift */ = {isa = PBXFileReference; lastKnownFileType = sourcecode.swift; path = CurrencyStore.swift; sourceTree = "<group>"; };
		ECF1C6E42AE4760F001FDA1D /* DataProviderManager.swift */ = {isa = PBXFileReference; lastKnownFileType = sourcecode.swift; path = DataProviderManager.swift; sourceTree = "<group>"; };
		ECF1C6E72AE477C0001FDA1D /* RatesFluctuationDataProvider.swift */ = {isa = PBXFileReference; lastKnownFileType = sourcecode.swift; path = RatesFluctuationDataProvider.swift; sourceTree = "<group>"; };
		ECF1C6E92AE4806C001FDA1D /* RatesHistoricalDataProvider.swift */ = {isa = PBXFileReference; lastKnownFileType = sourcecode.swift; path = RatesHistoricalDataProvider.swift; sourceTree = "<group>"; };
		ECF1C6EC2AE48180001FDA1D /* CurrencySymbolsDataProvider.swift */ = {isa = PBXFileReference; lastKnownFileType = sourcecode.swift; path = CurrencySymbolsDataProvider.swift; sourceTree = "<group>"; };
/* End PBXFileReference section */

/* Begin PBXFrameworksBuildPhase section */
		ECF1C6B82AE457C0001FDA1D /* Frameworks */ = {
			isa = PBXFrameworksBuildPhase;
			buildActionMask = 2147483647;
			files = (
			);
			runOnlyForDeploymentPostprocessing = 0;
		};
/* End PBXFrameworksBuildPhase section */

/* Begin PBXGroup section */
		ECF1C6B22AE457C0001FDA1D = {
			isa = PBXGroup;
			children = (
				ECF1C6BD2AE457C0001FDA1D /* ExchangeRates */,
				ECF1C6BC2AE457C0001FDA1D /* Products */,
			);
			sourceTree = "<group>";
		};
		ECF1C6BC2AE457C0001FDA1D /* Products */ = {
			isa = PBXGroup;
			children = (
				ECF1C6BB2AE457C0001FDA1D /* ExchangeRates.app */,
			);
			name = Products;
			sourceTree = "<group>";
		};
		ECF1C6BD2AE457C0001FDA1D /* ExchangeRates */ = {
			isa = PBXGroup;
			children = (
				ECF1C6CC2AE45992001FDA1D /* DataProviders */,
				ECF1C6BE2AE457C0001FDA1D /* ExchangeRatesApp.swift */,
				ECF1C6C02AE457C0001FDA1D /* ContentView.swift */,
				ECF1C6C22AE457C3001FDA1D /* Assets.xcassets */,
				ECF1C6C42AE457C3001FDA1D /* Preview Content */,
			);
			path = ExchangeRates;
			sourceTree = "<group>";
		};
		ECF1C6C42AE457C3001FDA1D /* Preview Content */ = {
			isa = PBXGroup;
			children = (
				ECF1C6C52AE457C3001FDA1D /* Preview Assets.xcassets */,
			);
			path = "Preview Content";
			sourceTree = "<group>";
		};
		ECF1C6CC2AE45992001FDA1D /* DataProviders */ = {
			isa = PBXGroup;
			children = (
				ECF1C6EB2AE48140001FDA1D /* CurrencySymbolsDataProvider */,
				ECF1C6E62AE4779B001FDA1D /* RatesDataProvider */,
				ECF1C6CD2AE459A1001FDA1D /* NetworkRepository */,
				ECF1C6E42AE4760F001FDA1D /* DataProviderManager.swift */,
			);
			path = DataProviders;
			sourceTree = "<group>";
		};
		ECF1C6CD2AE459A1001FDA1D /* NetworkRepository */ = {
			isa = PBXGroup;
			children = (
				ECF1C6D92AE466C0001FDA1D /* Objects */,
				ECF1C6D62AE4647B001FDA1D /* Store */,
				ECF1C6D12AE45B2B001FDA1D /* Rounters */,
				ECF1C6CE2AE459BA001FDA1D /* Apis */,
			);
			path = NetworkRepository;
			sourceTree = "<group>";
		};
		ECF1C6CE2AE459BA001FDA1D /* Apis */ = {
			isa = PBXGroup;
			children = (
				ECF1C6CF2AE459E2001FDA1D /* RatesApi.swift */,
			);
			path = Apis;
			sourceTree = "<group>";
		};
		ECF1C6D12AE45B2B001FDA1D /* Rounters */ = {
			isa = PBXGroup;
			children = (
				ECF1C6D22AE45B4E001FDA1D /* RatesRouter.swift */,
				ECF1C6D42AE45B63001FDA1D /* CurrencyRouter.swift */,
			);
			path = Rounters;
			sourceTree = "<group>";
		};
		ECF1C6D62AE4647B001FDA1D /* Store */ = {
			isa = PBXGroup;
			children = (
				ECF1C6D72AE464A2001FDA1D /* BaseStore.swift */,
				ECF1C6E02AE46DC3001FDA1D /* RatesStore.swift */,
				ECF1C6E22AE473B2001FDA1D /* CurrencyStore.swift */,
			);
			path = Store;
			sourceTree = "<group>";
		};
		ECF1C6D92AE466C0001FDA1D /* Objects */ = {
			isa = PBXGroup;
			children = (
				ECF1C6DA2AE46705001FDA1D /* RatesFluctuationObject.swift */,
				ECF1C6DC2AE468F1001FDA1D /* CurrencySymbolObject.swift */,
				ECF1C6DE2AE469DE001FDA1D /* RatesHistoricalObject.swift */,
			);
			path = Objects;
			sourceTree = "<group>";
		};
		ECF1C6E62AE4779B001FDA1D /* RatesDataProvider */ = {
			isa = PBXGroup;
			children = (
				ECF1C6E72AE477C0001FDA1D /* RatesFluctuationDataProvider.swift */,
				ECF1C6E92AE4806C001FDA1D /* RatesHistoricalDataProvider.swift */,
			);
			path = RatesDataProvider;
			sourceTree = "<group>";
		};
		ECF1C6EB2AE48140001FDA1D /* CurrencySymbolsDataProvider */ = {
			isa = PBXGroup;
			children = (
				ECF1C6EC2AE48180001FDA1D /* CurrencySymbolsDataProvider.swift */,
			);
			path = CurrencySymbolsDataProvider;
			sourceTree = "<group>";
		};
/* End PBXGroup section */

/* Begin PBXNativeTarget section */
		ECF1C6BA2AE457C0001FDA1D /* ExchangeRates */ = {
			isa = PBXNativeTarget;
			buildConfigurationList = ECF1C6C92AE457C3001FDA1D /* Build configuration list for PBXNativeTarget "ExchangeRates" */;
			buildPhases = (
				ECF1C6B72AE457C0001FDA1D /* Sources */,
				ECF1C6B82AE457C0001FDA1D /* Frameworks */,
				ECF1C6B92AE457C0001FDA1D /* Resources */,
			);
			buildRules = (
			);
			dependencies = (
			);
			name = ExchangeRates;
			productName = ExchangeRates;
			productReference = ECF1C6BB2AE457C0001FDA1D /* ExchangeRates.app */;
			productType = "com.apple.product-type.application";
		};
/* End PBXNativeTarget section */

/* Begin PBXProject section */
		ECF1C6B32AE457C0001FDA1D /* Project object */ = {
			isa = PBXProject;
			attributes = {
				BuildIndependentTargetsInParallel = 1;
				LastSwiftUpdateCheck = 1500;
				LastUpgradeCheck = 1500;
				TargetAttributes = {
					ECF1C6BA2AE457C0001FDA1D = {
						CreatedOnToolsVersion = 15.0.1;
					};
				};
			};
			buildConfigurationList = ECF1C6B62AE457C0001FDA1D /* Build configuration list for PBXProject "ExchangeRates" */;
			compatibilityVersion = "Xcode 14.0";
			developmentRegion = en;
			hasScannedForEncodings = 0;
			knownRegions = (
				en,
				Base,
			);
			mainGroup = ECF1C6B22AE457C0001FDA1D;
			productRefGroup = ECF1C6BC2AE457C0001FDA1D /* Products */;
			projectDirPath = "";
			projectRoot = "";
			targets = (
				ECF1C6BA2AE457C0001FDA1D /* ExchangeRates */,
			);
		};
/* End PBXProject section */

/* Begin PBXResourcesBuildPhase section */
		ECF1C6B92AE457C0001FDA1D /* Resources */ = {
			isa = PBXResourcesBuildPhase;
			buildActionMask = 2147483647;
			files = (
				ECF1C6C62AE457C3001FDA1D /* Preview Assets.xcassets in Resources */,
				ECF1C6C32AE457C3001FDA1D /* Assets.xcassets in Resources */,
			);
			runOnlyForDeploymentPostprocessing = 0;
		};
/* End PBXResourcesBuildPhase section */

/* Begin PBXSourcesBuildPhase section */
		ECF1C6B72AE457C0001FDA1D /* Sources */ = {
			isa = PBXSourcesBuildPhase;
			buildActionMask = 2147483647;
			files = (
				ECF1C6C12AE457C0001FDA1D /* ContentView.swift in Sources */,
				ECF1C6BF2AE457C0001FDA1D /* ExchangeRatesApp.swift in Sources */,
				ECF1C6D82AE464A2001FDA1D /* BaseStore.swift in Sources */,
				ECF1C6DF2AE469DE001FDA1D /* RatesHistoricalObject.swift in Sources */,
				ECF1C6D52AE45B63001FDA1D /* CurrencyRouter.swift in Sources */,
				ECF1C6D02AE459E2001FDA1D /* RatesApi.swift in Sources */,
				ECF1C6EA2AE4806C001FDA1D /* RatesHistoricalDataProvider.swift in Sources */,
				ECF1C6DD2AE468F1001FDA1D /* CurrencySymbolObject.swift in Sources */,
				ECF1C6E12AE46DC3001FDA1D /* RatesStore.swift in Sources */,
				ECF1C6E52AE4760F001FDA1D /* DataProviderManager.swift in Sources */,
				ECF1C6ED2AE48180001FDA1D /* CurrencySymbolsDataProvider.swift in Sources */,
				ECF1C6DB2AE46705001FDA1D /* RatesFluctuationObject.swift in Sources */,
				ECF1C6D32AE45B4E001FDA1D /* RatesRouter.swift in Sources */,
				ECF1C6E82AE477C0001FDA1D /* RatesFluctuationDataProvider.swift in Sources */,
				ECF1C6E32AE473B2001FDA1D /* CurrencyStore.swift in Sources */,
			);
			runOnlyForDeploymentPostprocessing = 0;
		};
/* End PBXSourcesBuildPhase section */

/* Begin XCBuildConfiguration section */
		ECF1C6C72AE457C3001FDA1D /* Debug */ = {
			isa = XCBuildConfiguration;
			buildSettings = {
				ALWAYS_SEARCH_USER_PATHS = NO;
				ASSETCATALOG_COMPILER_GENERATE_SWIFT_ASSET_SYMBOL_EXTENSIONS = YES;
				CLANG_ANALYZER_NONNULL = YES;
				CLANG_ANALYZER_NUMBER_OBJECT_CONVERSION = YES_AGGRESSIVE;
				CLANG_CXX_LANGUAGE_STANDARD = "gnu++20";
				CLANG_ENABLE_MODULES = YES;
				CLANG_ENABLE_OBJC_ARC = YES;
				CLANG_ENABLE_OBJC_WEAK = YES;
				CLANG_WARN_BLOCK_CAPTURE_AUTORELEASING = YES;
				CLANG_WARN_BOOL_CONVERSION = YES;
				CLANG_WARN_COMMA = YES;
				CLANG_WARN_CONSTANT_CONVERSION = YES;
				CLANG_WARN_DEPRECATED_OBJC_IMPLEMENTATIONS = YES;
				CLANG_WARN_DIRECT_OBJC_ISA_USAGE = YES_ERROR;
				CLANG_WARN_DOCUMENTATION_COMMENTS = YES;
				CLANG_WARN_EMPTY_BODY = YES;
				CLANG_WARN_ENUM_CONVERSION = YES;
				CLANG_WARN_INFINITE_RECURSION = YES;
				CLANG_WARN_INT_CONVERSION = YES;
				CLANG_WARN_NON_LITERAL_NULL_CONVERSION = YES;
				CLANG_WARN_OBJC_IMPLICIT_RETAIN_SELF = YES;
				CLANG_WARN_OBJC_LITERAL_CONVERSION = YES;
				CLANG_WARN_OBJC_ROOT_CLASS = YES_ERROR;
				CLANG_WARN_QUOTED_INCLUDE_IN_FRAMEWORK_HEADER = YES;
				CLANG_WARN_RANGE_LOOP_ANALYSIS = YES;
				CLANG_WARN_STRICT_PROTOTYPES = YES;
				CLANG_WARN_SUSPICIOUS_MOVE = YES;
				CLANG_WARN_UNGUARDED_AVAILABILITY = YES_AGGRESSIVE;
				CLANG_WARN_UNREACHABLE_CODE = YES;
				CLANG_WARN__DUPLICATE_METHOD_MATCH = YES;
				COPY_PHASE_STRIP = NO;
				DEBUG_INFORMATION_FORMAT = dwarf;
				ENABLE_STRICT_OBJC_MSGSEND = YES;
				ENABLE_TESTABILITY = YES;
				ENABLE_USER_SCRIPT_SANDBOXING = YES;
				GCC_C_LANGUAGE_STANDARD = gnu17;
				GCC_DYNAMIC_NO_PIC = NO;
				GCC_NO_COMMON_BLOCKS = YES;
				GCC_OPTIMIZATION_LEVEL = 0;
				GCC_PREPROCESSOR_DEFINITIONS = (
					"DEBUG=1",
					"$(inherited)",
				);
				GCC_WARN_64_TO_32_BIT_CONVERSION = YES;
				GCC_WARN_ABOUT_RETURN_TYPE = YES_ERROR;
				GCC_WARN_UNDECLARED_SELECTOR = YES;
				GCC_WARN_UNINITIALIZED_AUTOS = YES_AGGRESSIVE;
				GCC_WARN_UNUSED_FUNCTION = YES;
				GCC_WARN_UNUSED_VARIABLE = YES;
				IPHONEOS_DEPLOYMENT_TARGET = 17.0;
				LOCALIZATION_PREFERS_STRING_CATALOGS = YES;
				MTL_ENABLE_DEBUG_INFO = INCLUDE_SOURCE;
				MTL_FAST_MATH = YES;
				ONLY_ACTIVE_ARCH = YES;
				SDKROOT = iphoneos;
				SWIFT_ACTIVE_COMPILATION_CONDITIONS = "DEBUG $(inherited)";
				SWIFT_OPTIMIZATION_LEVEL = "-Onone";
			};
			name = Debug;
		};
		ECF1C6C82AE457C3001FDA1D /* Release */ = {
			isa = XCBuildConfiguration;
			buildSettings = {
				ALWAYS_SEARCH_USER_PATHS = NO;
				ASSETCATALOG_COMPILER_GENERATE_SWIFT_ASSET_SYMBOL_EXTENSIONS = YES;
				CLANG_ANALYZER_NONNULL = YES;
				CLANG_ANALYZER_NUMBER_OBJECT_CONVERSION = YES_AGGRESSIVE;
				CLANG_CXX_LANGUAGE_STANDARD = "gnu++20";
				CLANG_ENABLE_MODULES = YES;
				CLANG_ENABLE_OBJC_ARC = YES;
				CLANG_ENABLE_OBJC_WEAK = YES;
				CLANG_WARN_BLOCK_CAPTURE_AUTORELEASING = YES;
				CLANG_WARN_BOOL_CONVERSION = YES;
				CLANG_WARN_COMMA = YES;
				CLANG_WARN_CONSTANT_CONVERSION = YES;
				CLANG_WARN_DEPRECATED_OBJC_IMPLEMENTATIONS = YES;
				CLANG_WARN_DIRECT_OBJC_ISA_USAGE = YES_ERROR;
				CLANG_WARN_DOCUMENTATION_COMMENTS = YES;
				CLANG_WARN_EMPTY_BODY = YES;
				CLANG_WARN_ENUM_CONVERSION = YES;
				CLANG_WARN_INFINITE_RECURSION = YES;
				CLANG_WARN_INT_CONVERSION = YES;
				CLANG_WARN_NON_LITERAL_NULL_CONVERSION = YES;
				CLANG_WARN_OBJC_IMPLICIT_RETAIN_SELF = YES;
				CLANG_WARN_OBJC_LITERAL_CONVERSION = YES;
				CLANG_WARN_OBJC_ROOT_CLASS = YES_ERROR;
				CLANG_WARN_QUOTED_INCLUDE_IN_FRAMEWORK_HEADER = YES;
				CLANG_WARN_RANGE_LOOP_ANALYSIS = YES;
				CLANG_WARN_STRICT_PROTOTYPES = YES;
				CLANG_WARN_SUSPICIOUS_MOVE = YES;
				CLANG_WARN_UNGUARDED_AVAILABILITY = YES_AGGRESSIVE;
				CLANG_WARN_UNREACHABLE_CODE = YES;
				CLANG_WARN__DUPLICATE_METHOD_MATCH = YES;
				COPY_PHASE_STRIP = NO;
				DEBUG_INFORMATION_FORMAT = "dwarf-with-dsym";
				ENABLE_NS_ASSERTIONS = NO;
				ENABLE_STRICT_OBJC_MSGSEND = YES;
				ENABLE_USER_SCRIPT_SANDBOXING = YES;
				GCC_C_LANGUAGE_STANDARD = gnu17;
				GCC_NO_COMMON_BLOCKS = YES;
				GCC_WARN_64_TO_32_BIT_CONVERSION = YES;
				GCC_WARN_ABOUT_RETURN_TYPE = YES_ERROR;
				GCC_WARN_UNDECLARED_SELECTOR = YES;
				GCC_WARN_UNINITIALIZED_AUTOS = YES_AGGRESSIVE;
				GCC_WARN_UNUSED_FUNCTION = YES;
				GCC_WARN_UNUSED_VARIABLE = YES;
				IPHONEOS_DEPLOYMENT_TARGET = 17.0;
				LOCALIZATION_PREFERS_STRING_CATALOGS = YES;
				MTL_ENABLE_DEBUG_INFO = NO;
				MTL_FAST_MATH = YES;
				SDKROOT = iphoneos;
				SWIFT_COMPILATION_MODE = wholemodule;
				VALIDATE_PRODUCT = YES;
			};
			name = Release;
		};
		ECF1C6CA2AE457C3001FDA1D /* Debug */ = {
			isa = XCBuildConfiguration;
			buildSettings = {
				ASSETCATALOG_COMPILER_APPICON_NAME = AppIcon;
				ASSETCATALOG_COMPILER_GLOBAL_ACCENT_COLOR_NAME = AccentColor;
				CODE_SIGN_STYLE = Automatic;
				CURRENT_PROJECT_VERSION = 1;
				DEVELOPMENT_ASSET_PATHS = "\"ExchangeRates/Preview Content\"";
				DEVELOPMENT_TEAM = 4X9X2ZR556;
				ENABLE_PREVIEWS = YES;
				GENERATE_INFOPLIST_FILE = YES;
				INFOPLIST_KEY_LSApplicationCategoryType = "public.app-category.finance";
				INFOPLIST_KEY_UIApplicationSceneManifest_Generation = YES;
				INFOPLIST_KEY_UIApplicationSupportsIndirectInputEvents = YES;
				INFOPLIST_KEY_UILaunchScreen_Generation = YES;
				INFOPLIST_KEY_UISupportedInterfaceOrientations = UIInterfaceOrientationPortrait;
				INFOPLIST_KEY_UISupportedInterfaceOrientations_iPad = "UIInterfaceOrientationLandscapeLeft UIInterfaceOrientationLandscapeRight UIInterfaceOrientationPortrait UIInterfaceOrientationPortraitUpsideDown";
				IPHONEOS_DEPLOYMENT_TARGET = 16.0;
				LD_RUNPATH_SEARCH_PATHS = (
					"$(inherited)",
					"@executable_path/Frameworks",
				);
				MARKETING_VERSION = 1.0;
				PRODUCT_BUNDLE_IDENTIFIER = dio.app.ExchangeRates;
				PRODUCT_NAME = "$(TARGET_NAME)";
				SUPPORTED_PLATFORMS = "iphoneos iphonesimulator";
				SUPPORTS_MACCATALYST = NO;
				SUPPORTS_MAC_DESIGNED_FOR_IPHONE_IPAD = NO;
				SWIFT_EMIT_LOC_STRINGS = YES;
				SWIFT_VERSION = 5.0;
				TARGETED_DEVICE_FAMILY = 1;
			};
			name = Debug;
		};
		ECF1C6CB2AE457C3001FDA1D /* Release */ = {
			isa = XCBuildConfiguration;
			buildSettings = {
				ASSETCATALOG_COMPILER_APPICON_NAME = AppIcon;
				ASSETCATALOG_COMPILER_GLOBAL_ACCENT_COLOR_NAME = AccentColor;
				CODE_SIGN_STYLE = Automatic;
				CURRENT_PROJECT_VERSION = 1;
				DEVELOPMENT_ASSET_PATHS = "\"ExchangeRates/Preview Content\"";
				DEVELOPMENT_TEAM = 4X9X2ZR556;
				ENABLE_PREVIEWS = YES;
				GENERATE_INFOPLIST_FILE = YES;
				INFOPLIST_KEY_LSApplicationCategoryType = "public.app-category.finance";
				INFOPLIST_KEY_UIApplicationSceneManifest_Generation = YES;
				INFOPLIST_KEY_UIApplicationSupportsIndirectInputEvents = YES;
				INFOPLIST_KEY_UILaunchScreen_Generation = YES;
				INFOPLIST_KEY_UISupportedInterfaceOrientations = UIInterfaceOrientationPortrait;
				INFOPLIST_KEY_UISupportedInterfaceOrientations_iPad = "UIInterfaceOrientationLandscapeLeft UIInterfaceOrientationLandscapeRight UIInterfaceOrientationPortrait UIInterfaceOrientationPortraitUpsideDown";
				IPHONEOS_DEPLOYMENT_TARGET = 16.0;
				LD_RUNPATH_SEARCH_PATHS = (
					"$(inherited)",
					"@executable_path/Frameworks",
				);
				MARKETING_VERSION = 1.0;
				PRODUCT_BUNDLE_IDENTIFIER = dio.app.ExchangeRates;
				PRODUCT_NAME = "$(TARGET_NAME)";
				SUPPORTED_PLATFORMS = "iphoneos iphonesimulator";
				SUPPORTS_MACCATALYST = NO;
				SUPPORTS_MAC_DESIGNED_FOR_IPHONE_IPAD = NO;
				SWIFT_EMIT_LOC_STRINGS = YES;
				SWIFT_VERSION = 5.0;
				TARGETED_DEVICE_FAMILY = 1;
			};
			name = Release;
		};
/* End XCBuildConfiguration section */

/* Begin XCConfigurationList section */
		ECF1C6B62AE457C0001FDA1D /* Build configuration list for PBXProject "ExchangeRates" */ = {
			isa = XCConfigurationList;
			buildConfigurations = (
				ECF1C6C72AE457C3001FDA1D /* Debug */,
				ECF1C6C82AE457C3001FDA1D /* Release */,
			);
			defaultConfigurationIsVisible = 0;
			defaultConfigurationName = Release;
		};
		ECF1C6C92AE457C3001FDA1D /* Build configuration list for PBXNativeTarget "ExchangeRates" */ = {
			isa = XCConfigurationList;
			buildConfigurations = (
				ECF1C6CA2AE457C3001FDA1D /* Debug */,
				ECF1C6CB2AE457C3001FDA1D /* Release */,
			);
			defaultConfigurationIsVisible = 0;
			defaultConfigurationName = Release;
		};
/* End XCConfigurationList section */
	};
	rootObject = ECF1C6B32AE457C0001FDA1D /* Project object */;
}
